
Microsoft Visual Studio Solution File, Format Version 12.00
# Visual Studio Version 17
VisualStudioVersion = 17.4.33213.308
MinimumVisualStudioVersion = 10.0.40219.1
Project("{FAE04EC0-301F-11D3-BF4B-00C04F79EFBC}") = "Tusindfryd", "Tusindfryd\Tusindfryd.csproj", "{A443FBDE-E0CB-443D-AE94-B723871F8977}"
EndProject
Global
	GlobalSection(SolutionConfigurationPlatforms) = preSolution
		Debug|Any CPU = Debug|Any CPU
		Release|Any CPU = Release|Any CPU
	EndGlobalSection
	GlobalSection(ProjectConfigurationPlatforms) = postSolution
		{A443FBDE-E0CB-443D-AE94-B723871F8977}.Debug|Any CPU.ActiveCfg = Debug|Any CPU
		{A443FBDE-E0CB-443D-AE94-B723871F8977}.Debug|Any CPU.Build.0 = Debug|Any CPU
		{A443FBDE-E0CB-443D-AE94-B723871F8977}.Release|Any CPU.ActiveCfg = Release|Any CPU
		{A443FBDE-E0CB-443D-AE94-B723871F8977}.Release|Any CPU.Build.0 = Release|Any CPU
	EndGlobalSection
	GlobalSection(SolutionProperties) = preSolution
		HideSolutionNode = FALSE
	EndGlobalSection
	GlobalSection(ExtensibilityGlobals) = postSolution
		SolutionGuid = {0D8A63EC-2869-4D6D-BBA9-58BD0251C2F9}
	EndGlobalSection
EndGlobal
